
Microsoft Visual Studio Solution File, Format Version 12.00
# Visual Studio 15
VisualStudioVersion = 15.0.27130.2036
MinimumVisualStudioVersion = 10.0.40219.1
Project("{FAE04EC0-301F-11D3-BF4B-00C04F79EFBC}") = "ScrollProducts.Android", "ScrollProducts\ScrollProducts.Android\ScrollProducts.Android.csproj", "{87238A66-9DBD-4718-BD2F-B24AB7C1DF99}"
EndProject
Project("{FAE04EC0-301F-11D3-BF4B-00C04F79EFBC}") = "ScrollProducts.iOS", "ScrollProducts\ScrollProducts.iOS\ScrollProducts.iOS.csproj", "{42810A60-EDB8-421B-B433-304D1B84754D}"
EndProject
Project("{FAE04EC0-301F-11D3-BF4B-00C04F79EFBC}") = "ScrollProducts.UWP", "ScrollProducts\ScrollProducts.UWP\ScrollProducts.UWP.csproj", "{548B76A8-E1A5-43F2-A624-B3995ED31947}"
EndProject
Project("{FAE04EC0-301F-11D3-BF4B-00C04F79EFBC}") = "ScrollProducts", "ScrollProducts\ScrollProducts\ScrollProducts.csproj", "{5647EE36-CC25-4D79-9CC6-C6419FFE4852}"
EndProject
Global
	GlobalSection(SolutionConfigurationPlatforms) = preSolution
		Ad-Hoc|Any CPU = Ad-Hoc|Any CPU
		Ad-Hoc|ARM = Ad-Hoc|ARM
		Ad-Hoc|iPhone = Ad-Hoc|iPhone
		Ad-Hoc|iPhoneSimulator = Ad-Hoc|iPhoneSimulator
		Ad-Hoc|x64 = Ad-Hoc|x64
		Ad-Hoc|x86 = Ad-Hoc|x86
		AppStore|Any CPU = AppStore|Any CPU
		AppStore|ARM = AppStore|ARM
		AppStore|iPhone = AppStore|iPhone
		AppStore|iPhoneSimulator = AppStore|iPhoneSimulator
		AppStore|x64 = AppStore|x64
		AppStore|x86 = AppStore|x86
		Debug|Any CPU = Debug|Any CPU
		Debug|ARM = Debug|ARM
		Debug|iPhone = Debug|iPhone
		Debug|iPhoneSimulator = Debug|iPhoneSimulator
		Debug|x64 = Debug|x64
		Debug|x86 = Debug|x86
		Release|Any CPU = Release|Any CPU
		Release|ARM = Release|ARM
		Release|iPhone = Release|iPhone
		Release|iPhoneSimulator = Release|iPhoneSimulator
		Release|x64 = Release|x64
		Release|x86 = Release|x86
	EndGlobalSection
	GlobalSection(ProjectConfigurationPlatforms) = postSolution
		{87238A66-9DBD-4718-BD2F-B24AB7C1DF99}.Ad-Hoc|Any CPU.ActiveCfg = Release|Any CPU
		{87238A66-9DBD-4718-BD2F-B24AB7C1DF99}.Ad-Hoc|Any CPU.Build.0 = Release|Any CPU
		{87238A66-9DBD-4718-BD2F-B24AB7C1DF99}.Ad-Hoc|Any CPU.Deploy.0 = Release|Any CPU
		{87238A66-9DBD-4718-BD2F-B24AB7C1DF99}.Ad-Hoc|ARM.ActiveCfg = Release|Any CPU
		{87238A66-9DBD-4718-BD2F-B24AB7C1DF99}.Ad-Hoc|ARM.Build.0 = Release|Any CPU
		{87238A66-9DBD-4718-BD2F-B24AB7C1DF99}.Ad-Hoc|ARM.Deploy.0 = Release|Any CPU
		{87238A66-9DBD-4718-BD2F-B24AB7C1DF99}.Ad-Hoc|iPhone.ActiveCfg = Release|Any CPU
		{87238A66-9DBD-4718-BD2F-B24AB7C1DF99}.Ad-Hoc|iPhone.Build.0 = Release|Any CPU
		{87238A66-9DBD-4718-BD2F-B24AB7C1DF99}.Ad-Hoc|iPhone.Deploy.0 = Release|Any CPU
		{87238A66-9DBD-4718-BD2F-B24AB7C1DF99}.Ad-Hoc|iPhoneSimulator.ActiveCfg = Release|Any CPU
		{87238A66-9DBD-4718-BD2F-B24AB7C1DF99}.Ad-Hoc|iPhoneSimulator.Build.0 = Release|Any CPU
		{87238A66-9DBD-4718-BD2F-B24AB7C1DF99}.Ad-Hoc|iPhoneSimulator.Deploy.0 = Release|Any CPU
		{87238A66-9DBD-4718-BD2F-B24AB7C1DF99}.Ad-Hoc|x64.ActiveCfg = Release|Any CPU
		{87238A66-9DBD-4718-BD2F-B24AB7C1DF99}.Ad-Hoc|x64.Build.0 = Release|Any CPU
		{87238A66-9DBD-4718-BD2F-B24AB7C1DF99}.Ad-Hoc|x64.Deploy.0 = Release|Any CPU
		{87238A66-9DBD-4718-BD2F-B24AB7C1DF99}.Ad-Hoc|x86.ActiveCfg = Release|Any CPU
		{87238A66-9DBD-4718-BD2F-B24AB7C1DF99}.Ad-Hoc|x86.Build.0 = Release|Any CPU
		{87238A66-9DBD-4718-BD2F-B24AB7C1DF99}.Ad-Hoc|x86.Deploy.0 = Release|Any CPU
		{87238A66-9DBD-4718-BD2F-B24AB7C1DF99}.AppStore|Any CPU.ActiveCfg = Release|Any CPU
		{87238A66-9DBD-4718-BD2F-B24AB7C1DF99}.AppStore|Any CPU.Build.0 = Release|Any CPU
		{87238A66-9DBD-4718-BD2F-B24AB7C1DF99}.AppStore|Any CPU.Deploy.0 = Release|Any CPU
		{87238A66-9DBD-4718-BD2F-B24AB7C1DF99}.AppStore|ARM.ActiveCfg = Release|Any CPU
		{87238A66-9DBD-4718-BD2F-B24AB7C1DF99}.AppStore|ARM.Build.0 = Release|Any CPU
		{87238A66-9DBD-4718-BD2F-B24AB7C1DF99}.AppStore|ARM.Deploy.0 = Release|Any CPU
		{87238A66-9DBD-4718-BD2F-B24AB7C1DF99}.AppStore|iPhone.ActiveCfg = Release|Any CPU
		{87238A66-9DBD-4718-BD2F-B24AB7C1DF99}.AppStore|iPhone.Build.0 = Release|Any CPU
		{87238A66-9DBD-4718-BD2F-B24AB7C1DF99}.AppStore|iPhone.Deploy.0 = Release|Any CPU
		{87238A66-9DBD-4718-BD2F-B24AB7C1DF99}.AppStore|iPhoneSimulator.ActiveCfg = Release|Any CPU
		{87238A66-9DBD-4718-BD2F-B24AB7C1DF99}.AppStore|iPhoneSimulator.Build.0 = Release|Any CPU
		{87238A66-9DBD-4718-BD2F-B24AB7C1DF99}.AppStore|iPhoneSimulator.Deploy.0 = Release|Any CPU
		{87238A66-9DBD-4718-BD2F-B24AB7C1DF99}.AppStore|x64.ActiveCfg = Release|Any CPU
		{87238A66-9DBD-4718-BD2F-B24AB7C1DF99}.AppStore|x64.Build.0 = Release|Any CPU
		{87238A66-9DBD-4718-BD2F-B24AB7C1DF99}.AppStore|x64.Deploy.0 = Release|Any CPU
		{87238A66-9DBD-4718-BD2F-B24AB7C1DF99}.AppStore|x86.ActiveCfg = Release|Any CPU
		{87238A66-9DBD-4718-BD2F-B24AB7C1DF99}.AppStore|x86.Build.0 = Release|Any CPU
		{87238A66-9DBD-4718-BD2F-B24AB7C1DF99}.AppStore|x86.Deploy.0 = Release|Any CPU
		{87238A66-9DBD-4718-BD2F-B24AB7C1DF99}.Debug|Any CPU.ActiveCfg = Debug|Any CPU
		{87238A66-9DBD-4718-BD2F-B24AB7C1DF99}.Debug|Any CPU.Build.0 = Debug|Any CPU
		{87238A66-9DBD-4718-BD2F-B24AB7C1DF99}.Debug|Any CPU.Deploy.0 = Debug|Any CPU
		{87238A66-9DBD-4718-BD2F-B24AB7C1DF99}.Debug|ARM.ActiveCfg = Debug|Any CPU
		{87238A66-9DBD-4718-BD2F-B24AB7C1DF99}.Debug|ARM.Build.0 = Debug|Any CPU
		{87238A66-9DBD-4718-BD2F-B24AB7C1DF99}.Debug|ARM.Deploy.0 = Debug|Any CPU
		{87238A66-9DBD-4718-BD2F-B24AB7C1DF99}.Debug|iPhone.ActiveCfg = Debug|Any CPU
		{87238A66-9DBD-4718-BD2F-B24AB7C1DF99}.Debug|iPhone.Build.0 = Debug|Any CPU
		{87238A66-9DBD-4718-BD2F-B24AB7C1DF99}.Debug|iPhone.Deploy.0 = Debug|Any CPU
		{87238A66-9DBD-4718-BD2F-B24AB7C1DF99}.Debug|iPhoneSimulator.ActiveCfg = Debug|Any CPU
		{87238A66-9DBD-4718-BD2F-B24AB7C1DF99}.Debug|iPhoneSimulator.Build.0 = Debug|Any CPU
		{87238A66-9DBD-4718-BD2F-B24AB7C1DF99}.Debug|iPhoneSimulator.Deploy.0 = Debug|Any CPU
		{87238A66-9DBD-4718-BD2F-B24AB7C1DF99}.Debug|x64.ActiveCfg = Debug|Any CPU
		{87238A66-9DBD-4718-BD2F-B24AB7C1DF99}.Debug|x64.Build.0 = Debug|Any CPU
		{87238A66-9DBD-4718-BD2F-B24AB7C1DF99}.Debug|x64.Deploy.0 = Debug|Any CPU
		{87238A66-9DBD-4718-BD2F-B24AB7C1DF99}.Debug|x86.ActiveCfg = Debug|Any CPU
		{87238A66-9DBD-4718-BD2F-B24AB7C1DF99}.Debug|x86.Build.0 = Debug|Any CPU
		{87238A66-9DBD-4718-BD2F-B24AB7C1DF99}.Debug|x86.Deploy.0 = Debug|Any CPU
		{87238A66-9DBD-4718-BD2F-B24AB7C1DF99}.Release|Any CPU.ActiveCfg = Release|Any CPU
		{87238A66-9DBD-4718-BD2F-B24AB7C1DF99}.Release|Any CPU.Build.0 = Release|Any CPU
		{87238A66-9DBD-4718-BD2F-B24AB7C1DF99}.Release|Any CPU.Deploy.0 = Release|Any CPU
		{87238A66-9DBD-4718-BD2F-B24AB7C1DF99}.Release|ARM.ActiveCfg = Release|Any CPU
		{87238A66-9DBD-4718-BD2F-B24AB7C1DF99}.Release|ARM.Build.0 = Release|Any CPU
		{87238A66-9DBD-4718-BD2F-B24AB7C1DF99}.Release|ARM.Deploy.0 = Release|Any CPU
		{87238A66-9DBD-4718-BD2F-B24AB7C1DF99}.Release|iPhone.ActiveCfg = Release|Any CPU
		{87238A66-9DBD-4718-BD2F-B24AB7C1DF99}.Release|iPhone.Build.0 = Release|Any CPU
		{87238A66-9DBD-4718-BD2F-B24AB7C1DF99}.Release|iPhone.Deploy.0 = Release|Any CPU
		{87238A66-9DBD-4718-BD2F-B24AB7C1DF99}.Release|iPhoneSimulator.ActiveCfg = Release|Any CPU
		{87238A66-9DBD-4718-BD2F-B24AB7C1DF99}.Release|iPhoneSimulator.Build.0 = Release|Any CPU
		{87238A66-9DBD-4718-BD2F-B24AB7C1DF99}.Release|iPhoneSimulator.Deploy.0 = Release|Any CPU
		{87238A66-9DBD-4718-BD2F-B24AB7C1DF99}.Release|x64.ActiveCfg = Release|Any CPU
		{87238A66-9DBD-4718-BD2F-B24AB7C1DF99}.Release|x64.Build.0 = Release|Any CPU
		{87238A66-9DBD-4718-BD2F-B24AB7C1DF99}.Release|x64.Deploy.0 = Release|Any CPU
		{87238A66-9DBD-4718-BD2F-B24AB7C1DF99}.Release|x86.ActiveCfg = Release|Any CPU
		{87238A66-9DBD-4718-BD2F-B24AB7C1DF99}.Release|x86.Build.0 = Release|Any CPU
		{87238A66-9DBD-4718-BD2F-B24AB7C1DF99}.Release|x86.Deploy.0 = Release|Any CPU
		{42810A60-EDB8-421B-B433-304D1B84754D}.Ad-Hoc|Any CPU.ActiveCfg = Ad-Hoc|iPhone
		{42810A60-EDB8-421B-B433-304D1B84754D}.Ad-Hoc|ARM.ActiveCfg = Ad-Hoc|iPhone
		{42810A60-EDB8-421B-B433-304D1B84754D}.Ad-Hoc|iPhone.ActiveCfg = Ad-Hoc|iPhone
		{42810A60-EDB8-421B-B433-304D1B84754D}.Ad-Hoc|iPhone.Build.0 = Ad-Hoc|iPhone
		{42810A60-EDB8-421B-B433-304D1B84754D}.Ad-Hoc|iPhoneSimulator.ActiveCfg = Ad-Hoc|iPhoneSimulator
		{42810A60-EDB8-421B-B433-304D1B84754D}.Ad-Hoc|iPhoneSimulator.Build.0 = Ad-Hoc|iPhoneSimulator
		{42810A60-EDB8-421B-B433-304D1B84754D}.Ad-Hoc|x64.ActiveCfg = Ad-Hoc|iPhone
		{42810A60-EDB8-421B-B433-304D1B84754D}.Ad-Hoc|x86.ActiveCfg = Ad-Hoc|iPhone
		{42810A60-EDB8-421B-B433-304D1B84754D}.AppStore|Any CPU.ActiveCfg = AppStore|iPhone
		{42810A60-EDB8-421B-B433-304D1B84754D}.AppStore|ARM.ActiveCfg = AppStore|iPhone
		{42810A60-EDB8-421B-B433-304D1B84754D}.AppStore|iPhone.ActiveCfg = AppStore|iPhone
		{42810A60-EDB8-421B-B433-304D1B84754D}.AppStore|iPhone.Build.0 = AppStore|iPhone
		{42810A60-EDB8-421B-B433-304D1B84754D}.AppStore|iPhoneSimulator.ActiveCfg = AppStore|iPhoneSimulator
		{42810A60-EDB8-421B-B433-304D1B84754D}.AppStore|iPhoneSimulator.Build.0 = AppStore|iPhoneSimulator
		{42810A60-EDB8-421B-B433-304D1B84754D}.AppStore|x64.ActiveCfg = AppStore|iPhone
		{42810A60-EDB8-421B-B433-304D1B84754D}.AppStore|x86.ActiveCfg = AppStore|iPhone
		{42810A60-EDB8-421B-B433-304D1B84754D}.Debug|Any CPU.ActiveCfg = Debug|iPhone
		{42810A60-EDB8-421B-B433-304D1B84754D}.Debug|ARM.ActiveCfg = Debug|iPhone
		{42810A60-EDB8-421B-B433-304D1B84754D}.Debug|iPhone.ActiveCfg = Debug|iPhone
		{42810A60-EDB8-421B-B433-304D1B84754D}.Debug|iPhone.Build.0 = Debug|iPhone
		{42810A60-EDB8-421B-B433-304D1B84754D}.Debug|iPhoneSimulator.ActiveCfg = Debug|iPhoneSimulator
		{42810A60-EDB8-421B-B433-304D1B84754D}.Debug|iPhoneSimulator.Build.0 = Debug|iPhoneSimulator
		{42810A60-EDB8-421B-B433-304D1B84754D}.Debug|x64.ActiveCfg = Debug|iPhone
		{42810A60-EDB8-421B-B433-304D1B84754D}.Debug|x86.ActiveCfg = Debug|iPhone
		{42810A60-EDB8-421B-B433-304D1B84754D}.Release|Any CPU.ActiveCfg = Release|iPhone
		{42810A60-EDB8-421B-B433-304D1B84754D}.Release|ARM.ActiveCfg = Release|iPhone
		{42810A60-EDB8-421B-B433-304D1B84754D}.Release|iPhone.ActiveCfg = Release|iPhone
		{42810A60-EDB8-421B-B433-304D1B84754D}.Release|iPhone.Build.0 = Release|iPhone
		{42810A60-EDB8-421B-B433-304D1B84754D}.Release|iPhoneSimulator.ActiveCfg = Release|iPhoneSimulator
		{42810A60-EDB8-421B-B433-304D1B84754D}.Release|iPhoneSimulator.Build.0 = Release|iPhoneSimulator
		{42810A60-EDB8-421B-B433-304D1B84754D}.Release|x64.ActiveCfg = Release|iPhone
		{42810A60-EDB8-421B-B433-304D1B84754D}.Release|x86.ActiveCfg = Release|iPhone
		{548B76A8-E1A5-43F2-A624-B3995ED31947}.Ad-Hoc|Any CPU.ActiveCfg = Release|x86
		{548B76A8-E1A5-43F2-A624-B3995ED31947}.Ad-Hoc|Any CPU.Build.0 = Release|x86
		{548B76A8-E1A5-43F2-A624-B3995ED31947}.Ad-Hoc|Any CPU.Deploy.0 = Release|x86
		{548B76A8-E1A5-43F2-A624-B3995ED31947}.Ad-Hoc|ARM.ActiveCfg = Release|ARM
		{548B76A8-E1A5-43F2-A624-B3995ED31947}.Ad-Hoc|ARM.Build.0 = Release|ARM
		{548B76A8-E1A5-43F2-A624-B3995ED31947}.Ad-Hoc|ARM.Deploy.0 = Release|ARM
		{548B76A8-E1A5-43F2-A624-B3995ED31947}.Ad-Hoc|iPhone.ActiveCfg = Release|x86
		{548B76A8-E1A5-43F2-A624-B3995ED31947}.Ad-Hoc|iPhone.Build.0 = Release|x86
		{548B76A8-E1A5-43F2-A624-B3995ED31947}.Ad-Hoc|iPhone.Deploy.0 = Release|x86
		{548B76A8-E1A5-43F2-A624-B3995ED31947}.Ad-Hoc|iPhoneSimulator.ActiveCfg = Release|x86
		{548B76A8-E1A5-43F2-A624-B3995ED31947}.Ad-Hoc|iPhoneSimulator.Build.0 = Release|x86
		{548B76A8-E1A5-43F2-A624-B3995ED31947}.Ad-Hoc|iPhoneSimulator.Deploy.0 = Release|x86
		{548B76A8-E1A5-43F2-A624-B3995ED31947}.Ad-Hoc|x64.ActiveCfg = Release|x64
		{548B76A8-E1A5-43F2-A624-B3995ED31947}.Ad-Hoc|x64.Build.0 = Release|x64
		{548B76A8-E1A5-43F2-A624-B3995ED31947}.Ad-Hoc|x64.Deploy.0 = Release|x64
		{548B76A8-E1A5-43F2-A624-B3995ED31947}.Ad-Hoc|x86.ActiveCfg = Release|x86
		{548B76A8-E1A5-43F2-A624-B3995ED31947}.Ad-Hoc|x86.Build.0 = Release|x86
		{548B76A8-E1A5-43F2-A624-B3995ED31947}.Ad-Hoc|x86.Deploy.0 = Release|x86
		{548B76A8-E1A5-43F2-A624-B3995ED31947}.AppStore|Any CPU.ActiveCfg = Release|x86
		{548B76A8-E1A5-43F2-A624-B3995ED31947}.AppStore|Any CPU.Build.0 = Release|x86
		{548B76A8-E1A5-43F2-A624-B3995ED31947}.AppStore|Any CPU.Deploy.0 = Release|x86
		{548B76A8-E1A5-43F2-A624-B3995ED31947}.AppStore|ARM.ActiveCfg = Release|ARM
		{548B76A8-E1A5-43F2-A624-B3995ED31947}.AppStore|ARM.Build.0 = Release|ARM
		{548B76A8-E1A5-43F2-A624-B3995ED31947}.AppStore|ARM.Deploy.0 = Release|ARM
		{548B76A8-E1A5-43F2-A624-B3995ED31947}.AppStore|iPhone.ActiveCfg = Release|x86
		{548B76A8-E1A5-43F2-A624-B3995ED31947}.AppStore|iPhone.Build.0 = Release|x86
		{548B76A8-E1A5-43F2-A624-B3995ED31947}.AppStore|iPhone.Deploy.0 = Release|x86
		{548B76A8-E1A5-43F2-A624-B3995ED31947}.AppStore|iPhoneSimulator.ActiveCfg = Release|x86
		{548B76A8-E1A5-43F2-A624-B3995ED31947}.AppStore|iPhoneSimulator.Build.0 = Release|x86
		{548B76A8-E1A5-43F2-A624-B3995ED31947}.AppStore|iPhoneSimulator.Deploy.0 = Release|x86
		{548B76A8-E1A5-43F2-A624-B3995ED31947}.AppStore|x64.ActiveCfg = Release|x64
		{548B76A8-E1A5-43F2-A624-B3995ED31947}.AppStore|x64.Build.0 = Release|x64
		{548B76A8-E1A5-43F2-A624-B3995ED31947}.AppStore|x64.Deploy.0 = Release|x64
		{548B76A8-E1A5-43F2-A624-B3995ED31947}.AppStore|x86.ActiveCfg = Release|x86
		{548B76A8-E1A5-43F2-A624-B3995ED31947}.AppStore|x86.Build.0 = Release|x86
		{548B76A8-E1A5-43F2-A624-B3995ED31947}.AppStore|x86.Deploy.0 = Release|x86
		{548B76A8-E1A5-43F2-A624-B3995ED31947}.Debug|Any CPU.ActiveCfg = Debug|x86
		{548B76A8-E1A5-43F2-A624-B3995ED31947}.Debug|ARM.ActiveCfg = Debug|ARM
		{548B76A8-E1A5-43F2-A624-B3995ED31947}.Debug|ARM.Build.0 = Debug|ARM
		{548B76A8-E1A5-43F2-A624-B3995ED31947}.Debug|ARM.Deploy.0 = Debug|ARM
		{548B76A8-E1A5-43F2-A624-B3995ED31947}.Debug|iPhone.ActiveCfg = Debug|x86
		{548B76A8-E1A5-43F2-A624-B3995ED31947}.Debug|iPhoneSimulator.ActiveCfg = Debug|x86
		{548B76A8-E1A5-43F2-A624-B3995ED31947}.Debug|x64.ActiveCfg = Debug|x64
		{548B76A8-E1A5-43F2-A624-B3995ED31947}.Debug|x64.Build.0 = Debug|x64
		{548B76A8-E1A5-43F2-A624-B3995ED31947}.Debug|x64.Deploy.0 = Debug|x64
		{548B76A8-E1A5-43F2-A624-B3995ED31947}.Debug|x86.ActiveCfg = Debug|x86
		{548B76A8-E1A5-43F2-A624-B3995ED31947}.Debug|x86.Build.0 = Debug|x86
		{548B76A8-E1A5-43F2-A624-B3995ED31947}.Debug|x86.Deploy.0 = Debug|x86
		{548B76A8-E1A5-43F2-A624-B3995ED31947}.Release|Any CPU.ActiveCfg = Release|x86
		{548B76A8-E1A5-43F2-A624-B3995ED31947}.Release|ARM.ActiveCfg = Release|ARM
		{548B76A8-E1A5-43F2-A624-B3995ED31947}.Release|ARM.Build.0 = Release|ARM
		{548B76A8-E1A5-43F2-A624-B3995ED31947}.Release|ARM.Deploy.0 = Release|ARM
		{548B76A8-E1A5-43F2-A624-B3995ED31947}.Release|iPhone.ActiveCfg = Release|x86
		{548B76A8-E1A5-43F2-A624-B3995ED31947}.Release|iPhoneSimulator.ActiveCfg = Release|x86
		{548B76A8-E1A5-43F2-A624-B3995ED31947}.Release|x64.ActiveCfg = Release|x64
		{548B76A8-E1A5-43F2-A624-B3995ED31947}.Release|x64.Build.0 = Release|x64
		{548B76A8-E1A5-43F2-A624-B3995ED31947}.Release|x64.Deploy.0 = Release|x64
		{548B76A8-E1A5-43F2-A624-B3995ED31947}.Release|x86.ActiveCfg = Release|x86
		{548B76A8-E1A5-43F2-A624-B3995ED31947}.Release|x86.Build.0 = Release|x86
		{548B76A8-E1A5-43F2-A624-B3995ED31947}.Release|x86.Deploy.0 = Release|x86
		{5647EE36-CC25-4D79-9CC6-C6419FFE4852}.Ad-Hoc|Any CPU.ActiveCfg = Debug|Any CPU
		{5647EE36-CC25-4D79-9CC6-C6419FFE4852}.Ad-Hoc|Any CPU.Build.0 = Debug|Any CPU
		{5647EE36-CC25-4D79-9CC6-C6419FFE4852}.Ad-Hoc|ARM.ActiveCfg = Debug|Any CPU
		{5647EE36-CC25-4D79-9CC6-C6419FFE4852}.Ad-Hoc|ARM.Build.0 = Debug|Any CPU
		{5647EE36-CC25-4D79-9CC6-C6419FFE4852}.Ad-Hoc|iPhone.ActiveCfg = Debug|Any CPU
		{5647EE36-CC25-4D79-9CC6-C6419FFE4852}.Ad-Hoc|iPhone.Build.0 = Debug|Any CPU
		{5647EE36-CC25-4D79-9CC6-C6419FFE4852}.Ad-Hoc|iPhoneSimulator.ActiveCfg = Debug|Any CPU
		{5647EE36-CC25-4D79-9CC6-C6419FFE4852}.Ad-Hoc|iPhoneSimulator.Build.0 = Debug|Any CPU
		{5647EE36-CC25-4D79-9CC6-C6419FFE4852}.Ad-Hoc|x64.ActiveCfg = Debug|Any CPU
		{5647EE36-CC25-4D79-9CC6-C6419FFE4852}.Ad-Hoc|x64.Build.0 = Debug|Any CPU
		{5647EE36-CC25-4D79-9CC6-C6419FFE4852}.Ad-Hoc|x86.ActiveCfg = Debug|Any CPU
		{5647EE36-CC25-4D79-9CC6-C6419FFE4852}.Ad-Hoc|x86.Build.0 = Debug|Any CPU
		{5647EE36-CC25-4D79-9CC6-C6419FFE4852}.AppStore|Any CPU.ActiveCfg = Debug|Any CPU
		{5647EE36-CC25-4D79-9CC6-C6419FFE4852}.AppStore|Any CPU.Build.0 = Debug|Any CPU
		{5647EE36-CC25-4D79-9CC6-C6419FFE4852}.AppStore|ARM.ActiveCfg = Debug|Any CPU
		{5647EE36-CC25-4D79-9CC6-C6419FFE4852}.AppStore|ARM.Build.0 = Debug|Any CPU
		{5647EE36-CC25-4D79-9CC6-C6419FFE4852}.AppStore|iPhone.ActiveCfg = Debug|Any CPU
		{5647EE36-CC25-4D79-9CC6-C6419FFE4852}.AppStore|iPhone.Build.0 = Debug|Any CPU
		{5647EE36-CC25-4D79-9CC6-C6419FFE4852}.AppStore|iPhoneSimulator.ActiveCfg = Debug|Any CPU
		{5647EE36-CC25-4D79-9CC6-C6419FFE4852}.AppStore|iPhoneSimulator.Build.0 = Debug|Any CPU
		{5647EE36-CC25-4D79-9CC6-C6419FFE4852}.AppStore|x64.ActiveCfg = Debug|Any CPU
		{5647EE36-CC25-4D79-9CC6-C6419FFE4852}.AppStore|x64.Build.0 = Debug|Any CPU
		{5647EE36-CC25-4D79-9CC6-C6419FFE4852}.AppStore|x86.ActiveCfg = Debug|Any CPU
		{5647EE36-CC25-4D79-9CC6-C6419FFE4852}.AppStore|x86.Build.0 = Debug|Any CPU
		{5647EE36-CC25-4D79-9CC6-C6419FFE4852}.Debug|Any CPU.ActiveCfg = Debug|Any CPU
		{5647EE36-CC25-4D79-9CC6-C6419FFE4852}.Debug|Any CPU.Build.0 = Debug|Any CPU
		{5647EE36-CC25-4D79-9CC6-C6419FFE4852}.Debug|ARM.ActiveCfg = Debug|Any CPU
		{5647EE36-CC25-4D79-9CC6-C6419FFE4852}.Debug|ARM.Build.0 = Debug|Any CPU
		{5647EE36-CC25-4D79-9CC6-C6419FFE4852}.Debug|iPhone.ActiveCfg = Debug|Any CPU
		{5647EE36-CC25-4D79-9CC6-C6419FFE4852}.Debug|iPhone.Build.0 = Debug|Any CPU
		{5647EE36-CC25-4D79-9CC6-C6419FFE4852}.Debug|iPhoneSimulator.ActiveCfg = Debug|Any CPU
		{5647EE36-CC25-4D79-9CC6-C6419FFE4852}.Debug|iPhoneSimulator.Build.0 = Debug|Any CPU
		{5647EE36-CC25-4D79-9CC6-C6419FFE4852}.Debug|x64.ActiveCfg = Debug|Any CPU
		{5647EE36-CC25-4D79-9CC6-C6419FFE4852}.Debug|x64.Build.0 = Debug|Any CPU
		{5647EE36-CC25-4D79-9CC6-C6419FFE4852}.Debug|x86.ActiveCfg = Debug|Any CPU
		{5647EE36-CC25-4D79-9CC6-C6419FFE4852}.Debug|x86.Build.0 = Debug|Any CPU
		{5647EE36-CC25-4D79-9CC6-C6419FFE4852}.Release|Any CPU.ActiveCfg = Release|Any CPU
		{5647EE36-CC25-4D79-9CC6-C6419FFE4852}.Release|Any CPU.Build.0 = Release|Any CPU
		{5647EE36-CC25-4D79-9CC6-C6419FFE4852}.Release|ARM.ActiveCfg = Release|Any CPU
		{5647EE36-CC25-4D79-9CC6-C6419FFE4852}.Release|ARM.Build.0 = Release|Any CPU
		{5647EE36-CC25-4D79-9CC6-C6419FFE4852}.Release|iPhone.ActiveCfg = Release|Any CPU
		{5647EE36-CC25-4D79-9CC6-C6419FFE4852}.Release|iPhone.Build.0 = Release|Any CPU
		{5647EE36-CC25-4D79-9CC6-C6419FFE4852}.Release|iPhoneSimulator.ActiveCfg = Release|Any CPU
		{5647EE36-CC25-4D79-9CC6-C6419FFE4852}.Release|iPhoneSimulator.Build.0 = Release|Any CPU
		{5647EE36-CC25-4D79-9CC6-C6419FFE4852}.Release|x64.ActiveCfg = Release|Any CPU
		{5647EE36-CC25-4D79-9CC6-C6419FFE4852}.Release|x64.Build.0 = Release|Any CPU
		{5647EE36-CC25-4D79-9CC6-C6419FFE4852}.Release|x86.ActiveCfg = Release|Any CPU
		{5647EE36-CC25-4D79-9CC6-C6419FFE4852}.Release|x86.Build.0 = Release|Any CPU
	EndGlobalSection
	GlobalSection(SolutionProperties) = preSolution
		HideSolutionNode = FALSE
	EndGlobalSection
	GlobalSection(ExtensibilityGlobals) = postSolution
		SolutionGuid = {4E16B241-2009-40AD-87C7-1A91472C49CC}
	EndGlobalSection
EndGlobal
